
Microsoft Visual Studio Solution File, Format Version 12.00
# Visual Studio Version 16
VisualStudioVersion = 16.0.31112.23
MinimumVisualStudioVersion = 10.0.40219.1
Project("{9A19103F-16F7-4668-BE54-9A1E7A4F7556}") = "StarsWarsWebapi", "StarsWarsWebapi\StarsWarsWebapi.csproj", "{B9321C9A-43D3-45C4-9DF6-087F25B26FEC}"
EndProject
Project("{9A19103F-16F7-4668-BE54-9A1E7A4F7556}") = "InfraStructure", "InfraStructure\InfraStructure.csproj", "{128F4659-FE06-4583-A456-090A308225C2}"
EndProject
Project("{9A19103F-16F7-4668-BE54-9A1E7A4F7556}") = "Application", "Application\Application.csproj", "{084F9BB9-5587-4B7F-85CF-7A07E0A0FCC2}"
EndProject
Project("{2150E333-8FDC-42A3-9474-1A3956D46DE8}") = "Testing", "Testing", "{1B5ACD40-C6DF-46DD-B8FA-48D26DD56E57}"
EndProject
Project("{FAE04EC0-301F-11D3-BF4B-00C04F79EFBC}") = "StarsWarsApi.UnitTests", "StarsWarsApi.UnitTests\StarsWarsApi.UnitTests.csproj", "{42AC73A4-7D5E-45A7-8FAC-1CA8CA95F760}"
EndProject
Global
	GlobalSection(SolutionConfigurationPlatforms) = preSolution
		Debug|Any CPU = Debug|Any CPU
		Release|Any CPU = Release|Any CPU
	EndGlobalSection
	GlobalSection(ProjectConfigurationPlatforms) = postSolution
		{B9321C9A-43D3-45C4-9DF6-087F25B26FEC}.Debug|Any CPU.ActiveCfg = Debug|Any CPU
		{B9321C9A-43D3-45C4-9DF6-087F25B26FEC}.Debug|Any CPU.Build.0 = Debug|Any CPU
		{B9321C9A-43D3-45C4-9DF6-087F25B26FEC}.Release|Any CPU.ActiveCfg = Release|Any CPU
		{B9321C9A-43D3-45C4-9DF6-087F25B26FEC}.Release|Any CPU.Build.0 = Release|Any CPU
		{128F4659-FE06-4583-A456-090A308225C2}.Debug|Any CPU.ActiveCfg = Debug|Any CPU
		{128F4659-FE06-4583-A456-090A308225C2}.Debug|Any CPU.Build.0 = Debug|Any CPU
		{128F4659-FE06-4583-A456-090A308225C2}.Release|Any CPU.ActiveCfg = Release|Any CPU
		{128F4659-FE06-4583-A456-090A308225C2}.Release|Any CPU.Build.0 = Release|Any CPU
		{084F9BB9-5587-4B7F-85CF-7A07E0A0FCC2}.Debug|Any CPU.ActiveCfg = Debug|Any CPU
		{084F9BB9-5587-4B7F-85CF-7A07E0A0FCC2}.Debug|Any CPU.Build.0 = Debug|Any CPU
		{084F9BB9-5587-4B7F-85CF-7A07E0A0FCC2}.Release|Any CPU.ActiveCfg = Release|Any CPU
		{084F9BB9-5587-4B7F-85CF-7A07E0A0FCC2}.Release|Any CPU.Build.0 = Release|Any CPU
		{42AC73A4-7D5E-45A7-8FAC-1CA8CA95F760}.Debug|Any CPU.ActiveCfg = Debug|Any CPU
		{42AC73A4-7D5E-45A7-8FAC-1CA8CA95F760}.Debug|Any CPU.Build.0 = Debug|Any CPU
		{42AC73A4-7D5E-45A7-8FAC-1CA8CA95F760}.Release|Any CPU.ActiveCfg = Release|Any CPU
		{42AC73A4-7D5E-45A7-8FAC-1CA8CA95F760}.Release|Any CPU.Build.0 = Release|Any CPU
	EndGlobalSection
	GlobalSection(SolutionProperties) = preSolution
		HideSolutionNode = FALSE
	EndGlobalSection
	GlobalSection(NestedProjects) = preSolution
		{42AC73A4-7D5E-45A7-8FAC-1CA8CA95F760} = {1B5ACD40-C6DF-46DD-B8FA-48D26DD56E57}
	EndGlobalSection
	GlobalSection(ExtensibilityGlobals) = postSolution
		SolutionGuid = {C783B7AE-2C6C-4CEA-A8F0-5E3AE7BB0565}
	EndGlobalSection
EndGlobal
